PODS:
  - PowerTools (0.2.0):
    - PowerTools/Core (= 0.2.0)
  - PowerTools/CollectionVM (0.2.0):
    - PowerTools/Core
  - PowerTools/Core (0.2.0)
  - PowerToolsTester (0.2.0):
    - PowerToolsTester/CoreTester (= 0.2.0)
  - PowerToolsTester/CoreTester (0.2.0):
    - PowerTools/CollectionVM (~> 0.2)
    - PowerTools/Core (~> 0.2)

DEPENDENCIES:
  - PowerTools (from `../`)
  - PowerTools/CollectionVM (from `../`)
  - PowerToolsTester (from `../`)

EXTERNAL SOURCES:
  PowerTools:
    :path: "../"
  PowerToolsTester:
    :path: "../"

SPEC CHECKSUMS:
  PowerTools: a8f84aff83dd5ff3a750b851d6e9250cf6b57d75
  PowerToolsTester: 0239edb3a32f402e690cb1b6088631d223635296

PODFILE CHECKSUM: bd56953ceb0419089006965221b4defccd051f52

COCOAPODS: 1.7.1
