PODS:
  - PowerTools (0.2.0):
    - PowerTools/CollectionVM (= 0.2.0)
    - PowerTools/Core (= 0.2.0)
  - PowerTools/CollectionVM (0.2.0):
    - PowerTools/Core
  - PowerTools/Core (0.2.0)

DEPENDENCIES:
  - PowerTools (from `../`)

EXTERNAL SOURCES:
  PowerTools:
    :path: "../"

SPEC CHECKSUMS:
  PowerTools: 899437a942c5c0ac173d8d0df2e202441a8d46b7

PODFILE CHECKSUM: 48c20d66f414453cb32e39dc329adefc74dd552a

COCOAPODS: 1.6.1
