PODS:
  - PowerTools (0.0.1):
    - PowerTools/CollectionVM (= 0.0.1)
    - PowerTools/Core (= 0.0.1)
  - PowerTools/CollectionVM (0.0.1)
  - PowerTools/Core (0.0.1)

DEPENDENCIES:
  - PowerTools (from `../`)

EXTERNAL SOURCES:
  PowerTools:
    :path: "../"

SPEC CHECKSUMS:
  PowerTools: c42033c340d784196b9b6072b70f19879e6d0455

PODFILE CHECKSUM: 6dcc01929e4df3112e545b84184b5274aabd7ad6

COCOAPODS: 1.5.3
