// !$*UTF8*$!
{
	archiveVersion = 1;
	classes = {
	};
	objectVersion = 46;
	objects = {

/* Begin PBXBuildFile section */
		607FACD61AFB9204008FA782 /* AppDelegate.swift in Sources */ = {isa = PBXBuildFile; fileRef = 607FACD51AFB9204008FA782 /* AppDelegate.swift */; };
		607FACD81AFB9204008FA782 /* CollectionController.swift in Sources */ = {isa = PBXBuildFile; fileRef = 607FACD71AFB9204008FA782 /* CollectionController.swift */; };
		607FACDB1AFB9204008FA782 /* Main.storyboard in Resources */ = {isa = PBXBuildFile; fileRef = 607FACD91AFB9204008FA782 /* Main.storyboard */; };
		607FACDD1AFB9204008FA782 /* Images.xcassets in Resources */ = {isa = PBXBuildFile; fileRef = 607FACDC1AFB9204008FA782 /* Images.xcassets */; };
		607FACE01AFB9204008FA782 /* LaunchScreen.xib in Resources */ = {isa = PBXBuildFile; fileRef = 607FACDE1AFB9204008FA782 /* LaunchScreen.xib */; };
		92996D832F3E34BA04E3E515 /* Pods_PowerTools_Example.framework in Frameworks */ = {isa = PBXBuildFile; fileRef = DDC0DF49510CE77B0C060F52 /* Pods_PowerTools_Example.framework */; };
		9717B2BF21BB410500C66EE0 /* StringViewModel.swift in Sources */ = {isa = PBXBuildFile; fileRef = 9717B2BE21BB410500C66EE0 /* StringViewModel.swift */; };
		9717B2C121BB430800C66EE0 /* StringSectionViewModel.swift in Sources */ = {isa = PBXBuildFile; fileRef = 9717B2C021BB430800C66EE0 /* StringSectionViewModel.swift */; };
		9717B2C421BB48A200C66EE0 /* ModelUpdateTests.swift in Sources */ = {isa = PBXBuildFile; fileRef = 9717B2C321BB48A200C66EE0 /* ModelUpdateTests.swift */; };
		9717B2C621BBD28C00C66EE0 /* ModelUpdate.swift in Sources */ = {isa = PBXBuildFile; fileRef = 9717B2C521BBD28C00C66EE0 /* ModelUpdate.swift */; };
		9717B2CA21BC06F300C66EE0 /* DataSourceUpdateTests.swift in Sources */ = {isa = PBXBuildFile; fileRef = 9717B2C921BC06F200C66EE0 /* DataSourceUpdateTests.swift */; };
		9717B2CD21BC08CE00C66EE0 /* StringCell.swift in Sources */ = {isa = PBXBuildFile; fileRef = 9717B2CB21BC083400C66EE0 /* StringCell.swift */; };
		9717B2E021BD30FE00C66EE0 /* PipelineTests.swift in Sources */ = {isa = PBXBuildFile; fileRef = 9717B2DF21BD30FE00C66EE0 /* PipelineTests.swift */; };
		9717B2E521BD3AEA00C66EE0 /* PromisePipeTests.swift in Sources */ = {isa = PBXBuildFile; fileRef = 9717B2E421BD3AEA00C66EE0 /* PromisePipeTests.swift */; };
		9717B2E821BD472500C66EE0 /* AbstractFactoryTests.swift in Sources */ = {isa = PBXBuildFile; fileRef = 9717B2E721BD472500C66EE0 /* AbstractFactoryTests.swift */; };
		9750D09F2292F7D600E08571 /* GridModuleTests.swift in Sources */ = {isa = PBXBuildFile; fileRef = 9750D09E2292F7D600E08571 /* GridModuleTests.swift */; };
		9750D0A3229336AF00E08571 /* ViewTests.swift in Sources */ = {isa = PBXBuildFile; fileRef = 9750D0A2229336AF00E08571 /* ViewTests.swift */; };
		9750D0A522935F4A00E08571 /* GridItemTests.swift in Sources */ = {isa = PBXBuildFile; fileRef = 9750D0A422935F4A00E08571 /* GridItemTests.swift */; };
		9750D0A92293EAF600E08571 /* GridSectionTests.swift in Sources */ = {isa = PBXBuildFile; fileRef = 9750D0A82293EAF600E08571 /* GridSectionTests.swift */; };
		9750D0AB22947ECF00E08571 /* SectionViewModelTests.swift in Sources */ = {isa = PBXBuildFile; fileRef = 9750D0AA22947ECF00E08571 /* SectionViewModelTests.swift */; };
		9750D0AF22948A4900E08571 /* Operators.swift in Sources */ = {isa = PBXBuildFile; fileRef = 9750D0AE22948A4900E08571 /* Operators.swift */; };
		9750D0B32294C09600E08571 /* GridDataSourceInteractionDelegateTests.swift in Sources */ = {isa = PBXBuildFile; fileRef = 9750D0B22294C09600E08571 /* GridDataSourceInteractionDelegateTests.swift */; };
		9750D0B92295D5F900E08571 /* ItemViewModelMock.swift in Sources */ = {isa = PBXBuildFile; fileRef = 9750D0B82295D5F900E08571 /* ItemViewModelMock.swift */; };
		97607D0022099BC20071AB8D /* ArrayTests.swift in Sources */ = {isa = PBXBuildFile; fileRef = 97607CFF22099BC20071AB8D /* ArrayTests.swift */; };
		977F82AC21D4D91B0044074A /* SublinePipeTests.swift in Sources */ = {isa = PBXBuildFile; fileRef = 977F82AA21D4D8BC0044074A /* SublinePipeTests.swift */; };
		978E528322AC28C6006833C5 /* BinderDataSourceTests.swift in Sources */ = {isa = PBXBuildFile; fileRef = 978E528222AC28C6006833C5 /* BinderDataSourceTests.swift */; };
		978E528522AC2CB8006833C5 /* Operators.swift in Sources */ = {isa = PBXBuildFile; fileRef = 978E528422AC2CB8006833C5 /* Operators.swift */; };
		978E528722AC45D8006833C5 /* UICollectionViewMock.swift in Sources */ = {isa = PBXBuildFile; fileRef = 978E528622AC45D8006833C5 /* UICollectionViewMock.swift */; };
		978E52B122AC5542006833C5 /* GridCollectionDataSourceInteractionTests.swift in Sources */ = {isa = PBXBuildFile; fileRef = 978E52B022AC5542006833C5 /* GridCollectionDataSourceInteractionTests.swift */; };
		978E52B622AD3C26006833C5 /* GridCollectionDataSourceScrollTests.swift in Sources */ = {isa = PBXBuildFile; fileRef = 978E52B522AD3C26006833C5 /* GridCollectionDataSourceScrollTests.swift */; };
		97A34E512195812700E7F401 /* ColorViewModel.swift in Sources */ = {isa = PBXBuildFile; fileRef = 97A34E502195812700E7F401 /* ColorViewModel.swift */; };
		97A34E53219582BA00E7F401 /* BaseSection.swift in Sources */ = {isa = PBXBuildFile; fileRef = 97A34E52219582BA00E7F401 /* BaseSection.swift */; };
		97A34E5D219591C500E7F401 /* ColorCollectionViewCell.swift in Sources */ = {isa = PBXBuildFile; fileRef = 97A34E5B219591C500E7F401 /* ColorCollectionViewCell.swift */; };
		97A34E5E219591C500E7F401 /* ColorCollectionViewCell.xib in Resources */ = {isa = PBXBuildFile; fileRef = 97A34E5C219591C500E7F401 /* ColorCollectionViewCell.xib */; };
		97F6378F228817C6004B4227 /* AsyncPromisePipeTests.swift in Sources */ = {isa = PBXBuildFile; fileRef = 97F6378E228817C6004B4227 /* AsyncPromisePipeTests.swift */; };
		E606FA296D15AFFFEE942092 /* Pods_PowerTools_Tests.framework in Frameworks */ = {isa = PBXBuildFile; fileRef = EB4CC60DCC64A2C37AA64E30 /* Pods_PowerTools_Tests.framework */; };
/* End PBXBuildFile section */

/* Begin PBXContainerItemProxy section */
		607FACE61AFB9204008FA782 /* PBXContainerItemProxy */ = {
			isa = PBXContainerItemProxy;
			containerPortal = 607FACC81AFB9204008FA782 /* Project object */;
			proxyType = 1;
			remoteGlobalIDString = 607FACCF1AFB9204008FA782;
			remoteInfo = SOTViewModelRepresenter;
		};
/* End PBXContainerItemProxy section */

/* Begin PBXFileReference section */
		013157AB4959F28B853A65AE /* Pods-PowerTools_Tests.debug.xcconfig */ = {isa = PBXFileReference; includeInIndex = 1; lastKnownFileType = text.xcconfig; name = "Pods-PowerTools_Tests.debug.xcconfig"; path = "Pods/Target Support Files/Pods-PowerTools_Tests/Pods-PowerTools_Tests.debug.xcconfig"; sourceTree = "<group>"; };
		1B3FA7EC760C18C9D7DD2D81 /* Pods-PowerTools_Example.debug.xcconfig */ = {isa = PBXFileReference; includeInIndex = 1; lastKnownFileType = text.xcconfig; name = "Pods-PowerTools_Example.debug.xcconfig"; path = "Pods/Target Support Files/Pods-PowerTools_Example/Pods-PowerTools_Example.debug.xcconfig"; sourceTree = "<group>"; };
		29DDBFBCB19E3A5E10184ABC /* Pods-PowerTools_Example.release.xcconfig */ = {isa = PBXFileReference; includeInIndex = 1; lastKnownFileType = text.xcconfig; name = "Pods-PowerTools_Example.release.xcconfig"; path = "Pods/Target Support Files/Pods-PowerTools_Example/Pods-PowerTools_Example.release.xcconfig"; sourceTree = "<group>"; };
		4777F5CFBCAE8635092366A3 /* README.md */ = {isa = PBXFileReference; includeInIndex = 1; lastKnownFileType = net.daringfireball.markdown; name = README.md; path = ../README.md; sourceTree = "<group>"; };
		4BCC58175E04CDCC440D064D /* LICENSE */ = {isa = PBXFileReference; includeInIndex = 1; lastKnownFileType = text; name = LICENSE; path = ../LICENSE; sourceTree = "<group>"; };
		607FACD01AFB9204008FA782 /* PowerTools_Example.app */ = {isa = PBXFileReference; explicitFileType = wrapper.application; includeInIndex = 0; path = PowerTools_Example.app; sourceTree = BUILT_PRODUCTS_DIR; };
		607FACD41AFB9204008FA782 /* Info.plist */ = {isa = PBXFileReference; lastKnownFileType = text.plist.xml; path = Info.plist; sourceTree = "<group>"; };
		607FACD51AFB9204008FA782 /* AppDelegate.swift */ = {isa = PBXFileReference; lastKnownFileType = sourcecode.swift; path = AppDelegate.swift; sourceTree = "<group>"; };
		607FACD71AFB9204008FA782 /* CollectionController.swift */ = {isa = PBXFileReference; lastKnownFileType = sourcecode.swift; path = CollectionController.swift; sourceTree = "<group>"; };
		607FACDA1AFB9204008FA782 /* Base */ = {isa = PBXFileReference; lastKnownFileType = file.storyboard; name = Base; path = Base.lproj/Main.storyboard; sourceTree = "<group>"; };
		607FACDC1AFB9204008FA782 /* Images.xcassets */ = {isa = PBXFileReference; lastKnownFileType = folder.assetcatalog; path = Images.xcassets; sourceTree = "<group>"; };
		607FACDF1AFB9204008FA782 /* Base */ = {isa = PBXFileReference; lastKnownFileType = file.xib; name = Base; path = Base.lproj/LaunchScreen.xib; sourceTree = "<group>"; };
		607FACE51AFB9204008FA782 /* PowerTools_Tests.xctest */ = {isa = PBXFileReference; explicitFileType = wrapper.cfbundle; includeInIndex = 0; path = PowerTools_Tests.xctest; sourceTree = BUILT_PRODUCTS_DIR; };
		607FACEA1AFB9204008FA782 /* Info.plist */ = {isa = PBXFileReference; lastKnownFileType = text.plist.xml; path = Info.plist; sourceTree = "<group>"; };
		9717B2BE21BB410500C66EE0 /* StringViewModel.swift */ = {isa = PBXFileReference; lastKnownFileType = sourcecode.swift; path = StringViewModel.swift; sourceTree = "<group>"; };
		9717B2C021BB430800C66EE0 /* StringSectionViewModel.swift */ = {isa = PBXFileReference; lastKnownFileType = sourcecode.swift; path = StringSectionViewModel.swift; sourceTree = "<group>"; };
		9717B2C321BB48A200C66EE0 /* ModelUpdateTests.swift */ = {isa = PBXFileReference; lastKnownFileType = sourcecode.swift; path = ModelUpdateTests.swift; sourceTree = "<group>"; };
		9717B2C521BBD28C00C66EE0 /* ModelUpdate.swift */ = {isa = PBXFileReference; lastKnownFileType = sourcecode.swift; path = ModelUpdate.swift; sourceTree = "<group>"; };
		9717B2C921BC06F200C66EE0 /* DataSourceUpdateTests.swift */ = {isa = PBXFileReference; lastKnownFileType = sourcecode.swift; path = DataSourceUpdateTests.swift; sourceTree = "<group>"; };
		9717B2CB21BC083400C66EE0 /* StringCell.swift */ = {isa = PBXFileReference; lastKnownFileType = sourcecode.swift; path = StringCell.swift; sourceTree = "<group>"; };
		9717B2DF21BD30FE00C66EE0 /* PipelineTests.swift */ = {isa = PBXFileReference; lastKnownFileType = sourcecode.swift; path = PipelineTests.swift; sourceTree = "<group>"; };
		9717B2E421BD3AEA00C66EE0 /* PromisePipeTests.swift */ = {isa = PBXFileReference; lastKnownFileType = sourcecode.swift; path = PromisePipeTests.swift; sourceTree = "<group>"; };
		9717B2E721BD472500C66EE0 /* AbstractFactoryTests.swift */ = {isa = PBXFileReference; lastKnownFileType = sourcecode.swift; path = AbstractFactoryTests.swift; sourceTree = "<group>"; };
		9750D09E2292F7D600E08571 /* GridModuleTests.swift */ = {isa = PBXFileReference; lastKnownFileType = sourcecode.swift; path = GridModuleTests.swift; sourceTree = "<group>"; };
		9750D0A2229336AF00E08571 /* ViewTests.swift */ = {isa = PBXFileReference; lastKnownFileType = sourcecode.swift; path = ViewTests.swift; sourceTree = "<group>"; };
		9750D0A422935F4A00E08571 /* GridItemTests.swift */ = {isa = PBXFileReference; lastKnownFileType = sourcecode.swift; path = GridItemTests.swift; sourceTree = "<group>"; };
		9750D0A82293EAF600E08571 /* GridSectionTests.swift */ = {isa = PBXFileReference; lastKnownFileType = sourcecode.swift; path = GridSectionTests.swift; sourceTree = "<group>"; };
		9750D0AA22947ECF00E08571 /* SectionViewModelTests.swift */ = {isa = PBXFileReference; lastKnownFileType = sourcecode.swift; path = SectionViewModelTests.swift; sourceTree = "<group>"; };
		9750D0AE22948A4900E08571 /* Operators.swift */ = {isa = PBXFileReference; lastKnownFileType = sourcecode.swift; path = Operators.swift; sourceTree = "<group>"; };
		9750D0B22294C09600E08571 /* GridDataSourceInteractionDelegateTests.swift */ = {isa = PBXFileReference; lastKnownFileType = sourcecode.swift; path = GridDataSourceInteractionDelegateTests.swift; sourceTree = "<group>"; };
		9750D0B82295D5F900E08571 /* ItemViewModelMock.swift */ = {isa = PBXFileReference; lastKnownFileType = sourcecode.swift; path = ItemViewModelMock.swift; sourceTree = "<group>"; };
		97607CFF22099BC20071AB8D /* ArrayTests.swift */ = {isa = PBXFileReference; lastKnownFileType = sourcecode.swift; path = ArrayTests.swift; sourceTree = "<group>"; };
		977F82AA21D4D8BC0044074A /* SublinePipeTests.swift */ = {isa = PBXFileReference; lastKnownFileType = sourcecode.swift; path = SublinePipeTests.swift; sourceTree = "<group>"; };
		978C651E228FEE7500D95276 /* PowerToolsTester.podspec */ = {isa = PBXFileReference; lastKnownFileType = text; name = PowerToolsTester.podspec; path = ../PowerToolsTester.podspec; sourceTree = "<group>"; xcLanguageSpecificationIdentifier = xcode.lang.ruby; };
		978E528222AC28C6006833C5 /* BinderDataSourceTests.swift */ = {isa = PBXFileReference; lastKnownFileType = sourcecode.swift; path = BinderDataSourceTests.swift; sourceTree = "<group>"; };
		978E528422AC2CB8006833C5 /* Operators.swift */ = {isa = PBXFileReference; lastKnownFileType = sourcecode.swift; path = Operators.swift; sourceTree = "<group>"; };
		978E528622AC45D8006833C5 /* UICollectionViewMock.swift */ = {isa = PBXFileReference; lastKnownFileType = sourcecode.swift; path = UICollectionViewMock.swift; sourceTree = "<group>"; };
		978E52B022AC5542006833C5 /* GridCollectionDataSourceInteractionTests.swift */ = {isa = PBXFileReference; lastKnownFileType = sourcecode.swift; path = GridCollectionDataSourceInteractionTests.swift; sourceTree = "<group>"; };
		978E52B522AD3C26006833C5 /* GridCollectionDataSourceScrollTests.swift */ = {isa = PBXFileReference; lastKnownFileType = sourcecode.swift; path = GridCollectionDataSourceScrollTests.swift; sourceTree = "<group>"; };
		97A34E502195812700E7F401 /* ColorViewModel.swift */ = {isa = PBXFileReference; lastKnownFileType = sourcecode.swift; path = ColorViewModel.swift; sourceTree = "<group>"; };
		97A34E52219582BA00E7F401 /* BaseSection.swift */ = {isa = PBXFileReference; lastKnownFileType = sourcecode.swift; path = BaseSection.swift; sourceTree = "<group>"; };
		97A34E5B219591C500E7F401 /* ColorCollectionViewCell.swift */ = {isa = PBXFileReference; lastKnownFileType = sourcecode.swift; path = ColorCollectionViewCell.swift; sourceTree = "<group>"; };
		97A34E5C219591C500E7F401 /* ColorCollectionViewCell.xib */ = {isa = PBXFileReference; lastKnownFileType = file.xib; path = ColorCollectionViewCell.xib; sourceTree = "<group>"; };
		97F6378E228817C6004B4227 /* AsyncPromisePipeTests.swift */ = {isa = PBXFileReference; lastKnownFileType = sourcecode.swift; path = AsyncPromisePipeTests.swift; sourceTree = "<group>"; };
		9A3AA548B0E8558F776AD334 /* Pods-PowerTools_Tests.release.xcconfig */ = {isa = PBXFileReference; includeInIndex = 1; lastKnownFileType = text.xcconfig; name = "Pods-PowerTools_Tests.release.xcconfig"; path = "Pods/Target Support Files/Pods-PowerTools_Tests/Pods-PowerTools_Tests.release.xcconfig"; sourceTree = "<group>"; };
		9E55C7BF7C4181D32C08094B /* PowerTools.podspec */ = {isa = PBXFileReference; includeInIndex = 1; lastKnownFileType = text; name = PowerTools.podspec; path = ../PowerTools.podspec; sourceTree = "<group>"; xcLanguageSpecificationIdentifier = xcode.lang.ruby; };
		DDC0DF49510CE77B0C060F52 /* Pods_PowerTools_Example.framework */ = {isa = PBXFileReference; explicitFileType = wrapper.framework; includeInIndex = 0; path = Pods_PowerTools_Example.framework; sourceTree = BUILT_PRODUCTS_DIR; };
		EB4CC60DCC64A2C37AA64E30 /* Pods_PowerTools_Tests.framework */ = {isa = PBXFileReference; explicitFileType = wrapper.framework; includeInIndex = 0; path = Pods_PowerTools_Tests.framework; sourceTree = BUILT_PRODUCTS_DIR; };
/* End PBXFileReference section */

/* Begin PBXFrameworksBuildPhase section */
		607FACCD1AFB9204008FA782 /* Frameworks */ = {
			isa = PBXFrameworksBuildPhase;
			buildActionMask = 2147483647;
			files = (
				92996D832F3E34BA04E3E515 /* Pods_PowerTools_Example.framework in Frameworks */,
			);
			runOnlyForDeploymentPostprocessing = 0;
		};
		607FACE21AFB9204008FA782 /* Frameworks */ = {
			isa = PBXFrameworksBuildPhase;
			buildActionMask = 2147483647;
			files = (
				E606FA296D15AFFFEE942092 /* Pods_PowerTools_Tests.framework in Frameworks */,
			);
			runOnlyForDeploymentPostprocessing = 0;
		};
/* End PBXFrameworksBuildPhase section */

/* Begin PBXGroup section */
		1A30D02755BB6B4EE8AA42D6 /* Frameworks */ = {
			isa = PBXGroup;
			children = (
				DDC0DF49510CE77B0C060F52 /* Pods_PowerTools_Example.framework */,
				EB4CC60DCC64A2C37AA64E30 /* Pods_PowerTools_Tests.framework */,
			);
			name = Frameworks;
			sourceTree = "<group>";
		};
		607FACC71AFB9204008FA782 = {
			isa = PBXGroup;
			children = (
				607FACF51AFB993E008FA782 /* Podspec Metadata */,
				607FACD21AFB9204008FA782 /* Example for PowerTools */,
				607FACE81AFB9204008FA782 /* Tests */,
				607FACD11AFB9204008FA782 /* Products */,
				FFD21232BE487BE59EFC0D54 /* Pods */,
				1A30D02755BB6B4EE8AA42D6 /* Frameworks */,
			);
			sourceTree = "<group>";
		};
		607FACD11AFB9204008FA782 /* Products */ = {
			isa = PBXGroup;
			children = (
				607FACD01AFB9204008FA782 /* PowerTools_Example.app */,
				607FACE51AFB9204008FA782 /* PowerTools_Tests.xctest */,
			);
			name = Products;
			sourceTree = "<group>";
		};
		607FACD21AFB9204008FA782 /* Example for PowerTools */ = {
			isa = PBXGroup;
			children = (
				607FACD51AFB9204008FA782 /* AppDelegate.swift */,
				97A34E4D219580CE00E7F401 /* Model */,
				97A34E552195839200E7F401 /* ViewControllers */,
				97A34E542195838300E7F401 /* View */,
				607FACD91AFB9204008FA782 /* Main.storyboard */,
				607FACDC1AFB9204008FA782 /* Images.xcassets */,
				607FACDE1AFB9204008FA782 /* LaunchScreen.xib */,
				607FACD31AFB9204008FA782 /* Supporting Files */,
			);
			name = "Example for PowerTools";
			path = PowerTools;
			sourceTree = "<group>";
		};
		607FACD31AFB9204008FA782 /* Supporting Files */ = {
			isa = PBXGroup;
			children = (
				607FACD41AFB9204008FA782 /* Info.plist */,
			);
			name = "Supporting Files";
			sourceTree = "<group>";
		};
		607FACE81AFB9204008FA782 /* Tests */ = {
			isa = PBXGroup;
			children = (
				9750D0B72295D5C300E08571 /* Mocks */,
				97607CFE22099B950071AB8D /* Base */,
				9717B2E621BD470D00C66EE0 /* AbstractFactory */,
				9717B2BD21BB40C700C66EE0 /* BaseModels */,
				9717B2DE21BD30E600C66EE0 /* Pipeline */,
				9717B2C221BB480200C66EE0 /* ModelUpdateTests */,
				97F637A02288D350004B4227 /* BinderDataSource */,
				978E528122AC2880006833C5 /* DataSourceTests */,
				607FACE91AFB9204008FA782 /* Supporting Files */,
			);
			path = Tests;
			sourceTree = "<group>";
		};
		607FACE91AFB9204008FA782 /* Supporting Files */ = {
			isa = PBXGroup;
			children = (
				607FACEA1AFB9204008FA782 /* Info.plist */,
			);
			name = "Supporting Files";
			sourceTree = "<group>";
		};
		607FACF51AFB993E008FA782 /* Podspec Metadata */ = {
			isa = PBXGroup;
			children = (
				9E55C7BF7C4181D32C08094B /* PowerTools.podspec */,
				978C651E228FEE7500D95276 /* PowerToolsTester.podspec */,
				4777F5CFBCAE8635092366A3 /* README.md */,
				4BCC58175E04CDCC440D064D /* LICENSE */,
			);
			name = "Podspec Metadata";
			sourceTree = "<group>";
		};
		9717B2BD21BB40C700C66EE0 /* BaseModels */ = {
			isa = PBXGroup;
			children = (
				9717B2BE21BB410500C66EE0 /* StringViewModel.swift */,
				9717B2C021BB430800C66EE0 /* StringSectionViewModel.swift */,
				9717B2C521BBD28C00C66EE0 /* ModelUpdate.swift */,
				9717B2CB21BC083400C66EE0 /* StringCell.swift */,
				9750D0AA22947ECF00E08571 /* SectionViewModelTests.swift */,
				978E528622AC45D8006833C5 /* UICollectionViewMock.swift */,
			);
			path = BaseModels;
			sourceTree = "<group>";
		};
		9717B2C221BB480200C66EE0 /* ModelUpdateTests */ = {
			isa = PBXGroup;
			children = (
				9717B2C321BB48A200C66EE0 /* ModelUpdateTests.swift */,
				9717B2C921BC06F200C66EE0 /* DataSourceUpdateTests.swift */,
			);
			path = ModelUpdateTests;
			sourceTree = "<group>";
		};
		9717B2DE21BD30E600C66EE0 /* Pipeline */ = {
			isa = PBXGroup;
			children = (
				9717B2DF21BD30FE00C66EE0 /* PipelineTests.swift */,
				9717B2E421BD3AEA00C66EE0 /* PromisePipeTests.swift */,
				977F82AA21D4D8BC0044074A /* SublinePipeTests.swift */,
				97F6378E228817C6004B4227 /* AsyncPromisePipeTests.swift */,
			);
			path = Pipeline;
			sourceTree = "<group>";
		};
		9717B2E621BD470D00C66EE0 /* AbstractFactory */ = {
			isa = PBXGroup;
			children = (
				9717B2E721BD472500C66EE0 /* AbstractFactoryTests.swift */,
			);
			path = AbstractFactory;
			sourceTree = "<group>";
		};
		9750D09D2292F7B300E08571 /* GridDataSource */ = {
			isa = PBXGroup;
			children = (
				9750D09E2292F7D600E08571 /* GridModuleTests.swift */,
				9750D0A422935F4A00E08571 /* GridItemTests.swift */,
				9750D0A82293EAF600E08571 /* GridSectionTests.swift */,
				9750D0B22294C09600E08571 /* GridDataSourceInteractionDelegateTests.swift */,
			);
			path = GridDataSource;
			sourceTree = "<group>";
		};
		9750D0B72295D5C300E08571 /* Mocks */ = {
			isa = PBXGroup;
			children = (
				9750D0B82295D5F900E08571 /* ItemViewModelMock.swift */,
			);
			path = Mocks;
			sourceTree = "<group>";
		};
		97607CFE22099B950071AB8D /* Base */ = {
			isa = PBXGroup;
			children = (
				9750D0AE22948A4900E08571 /* Operators.swift */,
				97607CFF22099BC20071AB8D /* ArrayTests.swift */,
				9750D0A2229336AF00E08571 /* ViewTests.swift */,
				978E528422AC2CB8006833C5 /* Operators.swift */,
			);
			path = Base;
			sourceTree = "<group>";
		};
		978E528122AC2880006833C5 /* DataSourceTests */ = {
			isa = PBXGroup;
			children = (
				9750D09D2292F7B300E08571 /* GridDataSource */,
				978E528222AC28C6006833C5 /* BinderDataSourceTests.swift */,
				978E52B022AC5542006833C5 /* GridCollectionDataSourceInteractionTests.swift */,
				978E52B522AD3C26006833C5 /* GridCollectionDataSourceScrollTests.swift */,
			);
			path = DataSourceTests;
			sourceTree = "<group>";
		};
		97A34E4D219580CE00E7F401 /* Model */ = {
			isa = PBXGroup;
			children = (
				97A34E4F219580DD00E7F401 /* Items */,
				97A34E4E219580D300E7F401 /* Sections */,
			);
			path = Model;
			sourceTree = "<group>";
		};
		97A34E4E219580D300E7F401 /* Sections */ = {
			isa = PBXGroup;
			children = (
				97A34E52219582BA00E7F401 /* BaseSection.swift */,
			);
			path = Sections;
			sourceTree = "<group>";
		};
		97A34E4F219580DD00E7F401 /* Items */ = {
			isa = PBXGroup;
			children = (
				97A34E502195812700E7F401 /* ColorViewModel.swift */,
			);
			path = Items;
			sourceTree = "<group>";
		};
		97A34E542195838300E7F401 /* View */ = {
			isa = PBXGroup;
			children = (
				97A34E5B219591C500E7F401 /* ColorCollectionViewCell.swift */,
				97A34E5C219591C500E7F401 /* ColorCollectionViewCell.xib */,
			);
			path = View;
			sourceTree = "<group>";
		};
		97A34E552195839200E7F401 /* ViewControllers */ = {
			isa = PBXGroup;
			children = (
				607FACD71AFB9204008FA782 /* CollectionController.swift */,
			);
			path = ViewControllers;
			sourceTree = "<group>";
		};
		97F637A02288D350004B4227 /* BinderDataSource */ = {
			isa = PBXGroup;
			children = (
			);
			path = BinderDataSource;
			sourceTree = "<group>";
		};
		FFD21232BE487BE59EFC0D54 /* Pods */ = {
			isa = PBXGroup;
			children = (
				1B3FA7EC760C18C9D7DD2D81 /* Pods-PowerTools_Example.debug.xcconfig */,
				29DDBFBCB19E3A5E10184ABC /* Pods-PowerTools_Example.release.xcconfig */,
				013157AB4959F28B853A65AE /* Pods-PowerTools_Tests.debug.xcconfig */,
				9A3AA548B0E8558F776AD334 /* Pods-PowerTools_Tests.release.xcconfig */,
			);
			name = Pods;
			sourceTree = "<group>";
		};
/* End PBXGroup section */

/* Begin PBXNativeTarget section */
		607FACCF1AFB9204008FA782 /* PowerTools_Example */ = {
			isa = PBXNativeTarget;
			buildConfigurationList = 607FACEF1AFB9204008FA782 /* Build configuration list for PBXNativeTarget "PowerTools_Example" */;
			buildPhases = (
				EE364E85F0F553975F2BFCCE /* [CP] Check Pods Manifest.lock */,
				978C651D228FED1E00D95276 /* Clear Pods */,
				974E599821A9AE950019DEB7 /* swiftLint */,
				607FACCC1AFB9204008FA782 /* Sources */,
				607FACCD1AFB9204008FA782 /* Frameworks */,
				607FACCE1AFB9204008FA782 /* Resources */,
				56C85D327DF44D5F2495D226 /* [CP] Embed Pods Frameworks */,
			);
			buildRules = (
			);
			dependencies = (
			);
			name = PowerTools_Example;
			productName = SOTViewModelRepresenter;
			productReference = 607FACD01AFB9204008FA782 /* PowerTools_Example.app */;
			productType = "com.apple.product-type.application";
		};
		607FACE41AFB9204008FA782 /* PowerTools_Tests */ = {
			isa = PBXNativeTarget;
			buildConfigurationList = 607FACF21AFB9204008FA782 /* Build configuration list for PBXNativeTarget "PowerTools_Tests" */;
			buildPhases = (
				24C8C3507E61E3B2093B72E7 /* [CP] Check Pods Manifest.lock */,
				2A672B963A0EF0CBFF645CA4 /* [CP] Embed Pods Frameworks */,
				607FACE11AFB9204008FA782 /* Sources */,
				607FACE21AFB9204008FA782 /* Frameworks */,
				607FACE31AFB9204008FA782 /* Resources */,
				894167B9432DC71DFEC94F02 /* [CP] Embed Pods Frameworks */,
			);
			buildRules = (
			);
			dependencies = (
				607FACE71AFB9204008FA782 /* PBXTargetDependency */,
			);
			name = PowerTools_Tests;
			productName = Tests;
			productReference = 607FACE51AFB9204008FA782 /* PowerTools_Tests.xctest */;
			productType = "com.apple.product-type.bundle.unit-test";
		};
/* End PBXNativeTarget section */

/* Begin PBXProject section */
		607FACC81AFB9204008FA782 /* Project object */ = {
			isa = PBXProject;
			attributes = {
				LastSwiftUpdateCheck = 0830;
				LastUpgradeCheck = 1010;
				ORGANIZATIONNAME = CocoaPods;
				TargetAttributes = {
					607FACCF1AFB9204008FA782 = {
						CreatedOnToolsVersion = 6.3.1;
						DevelopmentTeam = 6RS7DS4QV5;
						LastSwiftMigration = 1020;
					};
					607FACE41AFB9204008FA782 = {
						CreatedOnToolsVersion = 6.3.1;
						DevelopmentTeam = 6RS7DS4QV5;
						LastSwiftMigration = 1020;
					};
				};
			};
			buildConfigurationList = 607FACCB1AFB9204008FA782 /* Build configuration list for PBXProject "PowerTools" */;
			compatibilityVersion = "Xcode 3.2";
			developmentRegion = English;
			hasScannedForEncodings = 0;
			knownRegions = (
				English,
				en,
				Base,
			);
			mainGroup = 607FACC71AFB9204008FA782;
			productRefGroup = 607FACD11AFB9204008FA782 /* Products */;
			projectDirPath = "";
			projectRoot = "";
			targets = (
				607FACCF1AFB9204008FA782 /* PowerTools_Example */,
				607FACE41AFB9204008FA782 /* PowerTools_Tests */,
			);
		};
/* End PBXProject section */

/* Begin PBXResourcesBuildPhase section */
		607FACCE1AFB9204008FA782 /* Resources */ = {
			isa = PBXResourcesBuildPhase;
			buildActionMask = 2147483647;
			files = (
				607FACDB1AFB9204008FA782 /* Main.storyboard in Resources */,
				607FACE01AFB9204008FA782 /* LaunchScreen.xib in Resources */,
				97A34E5E219591C500E7F401 /* ColorCollectionViewCell.xib in Resources */,
				607FACDD1AFB9204008FA782 /* Images.xcassets in Resources */,
			);
			runOnlyForDeploymentPostprocessing = 0;
		};
		607FACE31AFB9204008FA782 /* Resources */ = {
			isa = PBXResourcesBuildPhase;
			buildActionMask = 2147483647;
			files = (
			);
			runOnlyForDeploymentPostprocessing = 0;
		};
/* End PBXResourcesBuildPhase section */

/* Begin PBXShellScriptBuildPhase section */
		24C8C3507E61E3B2093B72E7 /* [CP] Check Pods Manifest.lock */ = {
			isa = PBXShellScriptBuildPhase;
			buildActionMask = 2147483647;
			files = (
			);
			inputFileListPaths = (
			);
			inputPaths = (
				"${PODS_PODFILE_DIR_PATH}/Podfile.lock",
				"${PODS_ROOT}/Manifest.lock",
			);
			name = "[CP] Check Pods Manifest.lock";
			outputFileListPaths = (
			);
			outputPaths = (
				"$(DERIVED_FILE_DIR)/Pods-PowerTools_Tests-checkManifestLockResult.txt",
			);
			runOnlyForDeploymentPostprocessing = 0;
			shellPath = /bin/sh;
			shellScript = "diff \"${PODS_PODFILE_DIR_PATH}/Podfile.lock\" \"${PODS_ROOT}/Manifest.lock\" > /dev/null\nif [ $? != 0 ] ; then\n    # print error to STDERR\n    echo \"error: The sandbox is not in sync with the Podfile.lock. Run 'pod install' or update your CocoaPods installation.\" >&2\n    exit 1\nfi\n# This output is used by Xcode 'outputs' to avoid re-running this script phase.\necho \"SUCCESS\" > \"${SCRIPT_OUTPUT_FILE_0}\"\n";
			showEnvVarsInLog = 0;
		};
		2A672B963A0EF0CBFF645CA4 /* [CP] Embed Pods Frameworks */ = {
			isa = PBXShellScriptBuildPhase;
			buildActionMask = 2147483647;
			files = (
			);
			inputPaths = (
				"${PODS_ROOT}/Target Support Files/Pods-PowerTools_Tests/Pods-PowerTools_Tests-frameworks.sh",
				"${BUILT_PRODUCTS_DIR}/PowerTools-CollectionVM-Core/PowerTools.framework",
				"${BUILT_PRODUCTS_DIR}/PowerToolsTester/PowerToolsTester.framework",
			);
			name = "[CP] Embed Pods Frameworks";
			outputPaths = (
				"${TARGET_BUILD_DIR}/${FRAMEWORKS_FOLDER_PATH}/PowerTools.framework",
				"${TARGET_BUILD_DIR}/${FRAMEWORKS_FOLDER_PATH}/PowerToolsTester.framework",
			);
			runOnlyForDeploymentPostprocessing = 0;
			shellPath = /bin/sh;
			shellScript = "\"${PODS_ROOT}/Target Support Files/Pods-PowerTools_Tests/Pods-PowerTools_Tests-frameworks.sh\"\n";
			showEnvVarsInLog = 0;
		};
		56C85D327DF44D5F2495D226 /* [CP] Embed Pods Frameworks */ = {
			isa = PBXShellScriptBuildPhase;
			buildActionMask = 2147483647;
			files = (
			);
			inputPaths = (
				"${PODS_ROOT}/Target Support Files/Pods-PowerTools_Example/Pods-PowerTools_Example-frameworks.sh",
				"${BUILT_PRODUCTS_DIR}/PowerTools.default-CollectionVM/PowerTools.framework",
			);
			name = "[CP] Embed Pods Frameworks";
			outputPaths = (
				"${TARGET_BUILD_DIR}/${FRAMEWORKS_FOLDER_PATH}/PowerTools.framework",
			);
			runOnlyForDeploymentPostprocessing = 0;
			shellPath = /bin/sh;
			shellScript = "\"${PODS_ROOT}/Target Support Files/Pods-PowerTools_Example/Pods-PowerTools_Example-frameworks.sh\"\n";
			showEnvVarsInLog = 0;
		};
		894167B9432DC71DFEC94F02 /* [CP] Embed Pods Frameworks */ = {
			isa = PBXShellScriptBuildPhase;
			buildActionMask = 2147483647;
			files = (
			);
			inputPaths = (
				"${PODS_ROOT}/Target Support Files/Pods-PowerTools_Tests/Pods-PowerTools_Tests-frameworks.sh",
				"${BUILT_PRODUCTS_DIR}/PowerTools-CollectionVM-Core/PowerTools.framework",
				"${BUILT_PRODUCTS_DIR}/PowerToolsTester/PowerToolsTester.framework",
			);
			name = "[CP] Embed Pods Frameworks";
			outputPaths = (
				"${TARGET_BUILD_DIR}/${FRAMEWORKS_FOLDER_PATH}/PowerTools.framework",
				"${TARGET_BUILD_DIR}/${FRAMEWORKS_FOLDER_PATH}/PowerToolsTester.framework",
			);
			runOnlyForDeploymentPostprocessing = 0;
			shellPath = /bin/sh;
			shellScript = "\"${PODS_ROOT}/Target Support Files/Pods-PowerTools_Tests/Pods-PowerTools_Tests-frameworks.sh\"\n";
			showEnvVarsInLog = 0;
		};
		974E599821A9AE950019DEB7 /* swiftLint */ = {
			isa = PBXShellScriptBuildPhase;
			buildActionMask = 2147483647;
			files = (
			);
			inputFileListPaths = (
			);
			inputPaths = (
			);
			name = swiftLint;
			outputFileListPaths = (
			);
			outputPaths = (
			);
			runOnlyForDeploymentPostprocessing = 0;
			shellPath = /bin/sh;
			shellScript = "export PATH=\"/usr/local/bin:$PATH\"\nexport LANG=en_US.UTF-8\n\nif which swiftlint >/dev/null; then\n\nif [ \"$CI\" == true ]; then\nswiftlint lint --strict\nelse\nswiftlint\nfi\n\nelse\necho \"warning: SwiftLint not installed, download from https://github.com/realm/SwiftLint\"\nfi\n";
		};
		978C651D228FED1E00D95276 /* Clear Pods */ = {
			isa = PBXShellScriptBuildPhase;
			buildActionMask = 2147483647;
			files = (
			);
			inputFileListPaths = (
			);
			inputPaths = (
			);
			name = "Clear Pods";
			outputFileListPaths = (
			);
			outputPaths = (
			);
			runOnlyForDeploymentPostprocessing = 0;
			shellPath = /bin/sh;
			shellScript = "# Xcode 10 Fix Developing Pod Libs\n# Run script phase before the \"Embed Pods Frameworks\nfind \"${SRCROOT}/Pods\" -type f -name *frameworks.sh -exec bash -c \"touch \\\"{}\\\"\" \\;\n";
		};
		EE364E85F0F553975F2BFCCE /* [CP] Check Pods Manifest.lock */ = {
			isa = PBXShellScriptBuildPhase;
			buildActionMask = 2147483647;
			files = (
			);
			inputFileListPaths = (
			);
			inputPaths = (
				"${PODS_PODFILE_DIR_PATH}/Podfile.lock",
				"${PODS_ROOT}/Manifest.lock",
			);
			name = "[CP] Check Pods Manifest.lock";
			outputFileListPaths = (
			);
			outputPaths = (
				"$(DERIVED_FILE_DIR)/Pods-PowerTools_Example-checkManifestLockResult.txt",
			);
			runOnlyForDeploymentPostprocessing = 0;
			shellPath = /bin/sh;
			shellScript = "diff \"${PODS_PODFILE_DIR_PATH}/Podfile.lock\" \"${PODS_ROOT}/Manifest.lock\" > /dev/null\nif [ $? != 0 ] ; then\n    # print error to STDERR\n    echo \"error: The sandbox is not in sync with the Podfile.lock. Run 'pod install' or update your CocoaPods installation.\" >&2\n    exit 1\nfi\n# This output is used by Xcode 'outputs' to avoid re-running this script phase.\necho \"SUCCESS\" > \"${SCRIPT_OUTPUT_FILE_0}\"\n";
			showEnvVarsInLog = 0;
		};
/* End PBXShellScriptBuildPhase section */

/* Begin PBXSourcesBuildPhase section */
		607FACCC1AFB9204008FA782 /* Sources */ = {
			isa = PBXSourcesBuildPhase;
			buildActionMask = 2147483647;
			files = (
				97A34E5D219591C500E7F401 /* ColorCollectionViewCell.swift in Sources */,
				607FACD81AFB9204008FA782 /* CollectionController.swift in Sources */,
				607FACD61AFB9204008FA782 /* AppDelegate.swift in Sources */,
				97A34E512195812700E7F401 /* ColorViewModel.swift in Sources */,
				97A34E53219582BA00E7F401 /* BaseSection.swift in Sources */,
			);
			runOnlyForDeploymentPostprocessing = 0;
		};
		607FACE11AFB9204008FA782 /* Sources */ = {
			isa = PBXSourcesBuildPhase;
			buildActionMask = 2147483647;
			files = (
				9717B2C621BBD28C00C66EE0 /* ModelUpdate.swift in Sources */,
				9717B2C121BB430800C66EE0 /* StringSectionViewModel.swift in Sources */,
				9750D0B92295D5F900E08571 /* ItemViewModelMock.swift in Sources */,
				9717B2E521BD3AEA00C66EE0 /* PromisePipeTests.swift in Sources */,
				9750D09F2292F7D600E08571 /* GridModuleTests.swift in Sources */,
				9717B2E821BD472500C66EE0 /* AbstractFactoryTests.swift in Sources */,
				9717B2CD21BC08CE00C66EE0 /* StringCell.swift in Sources */,
				9750D0A3229336AF00E08571 /* ViewTests.swift in Sources */,
				9750D0AB22947ECF00E08571 /* SectionViewModelTests.swift in Sources */,
				9717B2BF21BB410500C66EE0 /* StringViewModel.swift in Sources */,
				977F82AC21D4D91B0044074A /* SublinePipeTests.swift in Sources */,
				9750D0A522935F4A00E08571 /* GridItemTests.swift in Sources */,
				978E528722AC45D8006833C5 /* UICollectionViewMock.swift in Sources */,
				9717B2BF21BB410500C66EE0 /* StringViewModel.swift in Sources */,
				977F82AC21D4D91B0044074A /* SublinePipeTests.swift in Sources */,
				978E52B122AC5542006833C5 /* GridCollectionDataSourceInteractionTests.swift in Sources */,
				9717B2C421BB48A200C66EE0 /* ModelUpdateTests.swift in Sources */,
				978E528522AC2CB8006833C5 /* Operators.swift in Sources */,
				978E52B622AD3C26006833C5 /* GridCollectionDataSourceScrollTests.swift in Sources */,
				97607D0022099BC20071AB8D /* ArrayTests.swift in Sources */,
				9717B2E021BD30FE00C66EE0 /* PipelineTests.swift in Sources */,
				978E528322AC28C6006833C5 /* BinderDataSourceTests.swift in Sources */,
				9717B2CA21BC06F300C66EE0 /* DataSourceUpdateTests.swift in Sources */,
				97F6378F228817C6004B4227 /* AsyncPromisePipeTests.swift in Sources */,
				9750D0A92293EAF600E08571 /* GridSectionTests.swift in Sources */,
				9750D0B32294C09600E08571 /* GridDataSourceInteractionDelegateTests.swift in Sources */,
				9750D0AF22948A4900E08571 /* Operators.swift in Sources */,
			);
			runOnlyForDeploymentPostprocessing = 0;
		};
/* End PBXSourcesBuildPhase section */

/* Begin PBXTargetDependency section */
		607FACE71AFB9204008FA782 /* PBXTargetDependency */ = {
			isa = PBXTargetDependency;
			target = 607FACCF1AFB9204008FA782 /* PowerTools_Example */;
			targetProxy = 607FACE61AFB9204008FA782 /* PBXContainerItemProxy */;
		};
/* End PBXTargetDependency section */

/* Begin PBXVariantGroup section */
		607FACD91AFB9204008FA782 /* Main.storyboard */ = {
			isa = PBXVariantGroup;
			children = (
				607FACDA1AFB9204008FA782 /* Base */,
			);
			name = Main.storyboard;
			sourceTree = "<group>";
		};
		607FACDE1AFB9204008FA782 /* LaunchScreen.xib */ = {
			isa = PBXVariantGroup;
			children = (
				607FACDF1AFB9204008FA782 /* Base */,
			);
			name = LaunchScreen.xib;
			sourceTree = "<group>";
		};
/* End PBXVariantGroup section */

/* Begin XCBuildConfiguration section */
		607FACED1AFB9204008FA782 /* Debug */ = {
			isa = XCBuildConfiguration;
			buildSettings = {
				ALWAYS_SEARCH_USER_PATHS = NO;
				CLANG_CXX_LANGUAGE_STANDARD = "gnu++0x";
				CLANG_CXX_LIBRARY = "libc++";
				CLANG_ENABLE_MODULES = YES;
				CLANG_ENABLE_OBJC_ARC = YES;
				CLANG_WARN_BLOCK_CAPTURE_AUTORELEASING = YES;
				CLANG_WARN_BOOL_CONVERSION = YES;
				CLANG_WARN_COMMA = YES;
				CLANG_WARN_CONSTANT_CONVERSION = YES;
				CLANG_WARN_DEPRECATED_OBJC_IMPLEMENTATIONS = YES;
				CLANG_WARN_DIRECT_OBJC_ISA_USAGE = YES_ERROR;
				CLANG_WARN_EMPTY_BODY = YES;
				CLANG_WARN_ENUM_CONVERSION = YES;
				CLANG_WARN_INFINITE_RECURSION = YES;
				CLANG_WARN_INT_CONVERSION = YES;
				CLANG_WARN_NON_LITERAL_NULL_CONVERSION = YES;
				CLANG_WARN_OBJC_IMPLICIT_RETAIN_SELF = YES;
				CLANG_WARN_OBJC_LITERAL_CONVERSION = YES;
				CLANG_WARN_OBJC_ROOT_CLASS = YES_ERROR;
				CLANG_WARN_RANGE_LOOP_ANALYSIS = YES;
				CLANG_WARN_STRICT_PROTOTYPES = YES;
				CLANG_WARN_SUSPICIOUS_MOVE = YES;
				CLANG_WARN_UNREACHABLE_CODE = YES;
				CLANG_WARN__DUPLICATE_METHOD_MATCH = YES;
				"CODE_SIGN_IDENTITY[sdk=iphoneos*]" = "iPhone Developer";
				COPY_PHASE_STRIP = NO;
				DEBUG_INFORMATION_FORMAT = "dwarf-with-dsym";
				ENABLE_STRICT_OBJC_MSGSEND = YES;
				ENABLE_TESTABILITY = YES;
				GCC_C_LANGUAGE_STANDARD = gnu99;
				GCC_DYNAMIC_NO_PIC = NO;
				GCC_NO_COMMON_BLOCKS = YES;
				GCC_OPTIMIZATION_LEVEL = 0;
				GCC_PREPROCESSOR_DEFINITIONS = (
					"DEBUG=1",
					"$(inherited)",
				);
				GCC_SYMBOLS_PRIVATE_EXTERN = NO;
				GCC_WARN_64_TO_32_BIT_CONVERSION = YES;
				GCC_WARN_ABOUT_RETURN_TYPE = YES_ERROR;
				GCC_WARN_UNDECLARED_SELECTOR = YES;
				GCC_WARN_UNINITIALIZED_AUTOS = YES_AGGRESSIVE;
				GCC_WARN_UNUSED_FUNCTION = YES;
				GCC_WARN_UNUSED_VARIABLE = YES;
				IPHONEOS_DEPLOYMENT_TARGET = 9.3;
				MTL_ENABLE_DEBUG_INFO = YES;
				ONLY_ACTIVE_ARCH = YES;
				SDKROOT = iphoneos;
				SWIFT_OPTIMIZATION_LEVEL = "-Onone";
			};
			name = Debug;
		};
		607FACEE1AFB9204008FA782 /* Release */ = {
			isa = XCBuildConfiguration;
			buildSettings = {
				ALWAYS_SEARCH_USER_PATHS = NO;
				CLANG_CXX_LANGUAGE_STANDARD = "gnu++0x";
				CLANG_CXX_LIBRARY = "libc++";
				CLANG_ENABLE_MODULES = YES;
				CLANG_ENABLE_OBJC_ARC = YES;
				CLANG_WARN_BLOCK_CAPTURE_AUTORELEASING = YES;
				CLANG_WARN_BOOL_CONVERSION = YES;
				CLANG_WARN_COMMA = YES;
				CLANG_WARN_CONSTANT_CONVERSION = YES;
				CLANG_WARN_DEPRECATED_OBJC_IMPLEMENTATIONS = YES;
				CLANG_WARN_DIRECT_OBJC_ISA_USAGE = YES_ERROR;
				CLANG_WARN_EMPTY_BODY = YES;
				CLANG_WARN_ENUM_CONVERSION = YES;
				CLANG_WARN_INFINITE_RECURSION = YES;
				CLANG_WARN_INT_CONVERSION = YES;
				CLANG_WARN_NON_LITERAL_NULL_CONVERSION = YES;
				CLANG_WARN_OBJC_IMPLICIT_RETAIN_SELF = YES;
				CLANG_WARN_OBJC_LITERAL_CONVERSION = YES;
				CLANG_WARN_OBJC_ROOT_CLASS = YES_ERROR;
				CLANG_WARN_RANGE_LOOP_ANALYSIS = YES;
				CLANG_WARN_STRICT_PROTOTYPES = YES;
				CLANG_WARN_SUSPICIOUS_MOVE = YES;
				CLANG_WARN_UNREACHABLE_CODE = YES;
				CLANG_WARN__DUPLICATE_METHOD_MATCH = YES;
				"CODE_SIGN_IDENTITY[sdk=iphoneos*]" = "iPhone Developer";
				COPY_PHASE_STRIP = NO;
				DEBUG_INFORMATION_FORMAT = "dwarf-with-dsym";
				ENABLE_NS_ASSERTIONS = NO;
				ENABLE_STRICT_OBJC_MSGSEND = YES;
				GCC_C_LANGUAGE_STANDARD = gnu99;
				GCC_NO_COMMON_BLOCKS = YES;
				GCC_WARN_64_TO_32_BIT_CONVERSION = YES;
				GCC_WARN_ABOUT_RETURN_TYPE = YES_ERROR;
				GCC_WARN_UNDECLARED_SELECTOR = YES;
				GCC_WARN_UNINITIALIZED_AUTOS = YES_AGGRESSIVE;
				GCC_WARN_UNUSED_FUNCTION = YES;
				GCC_WARN_UNUSED_VARIABLE = YES;
				IPHONEOS_DEPLOYMENT_TARGET = 9.3;
				MTL_ENABLE_DEBUG_INFO = NO;
				SDKROOT = iphoneos;
				SWIFT_OPTIMIZATION_LEVEL = "-Owholemodule";
				VALIDATE_PRODUCT = YES;
			};
			name = Release;
		};
		607FACF01AFB9204008FA782 /* Debug */ = {
			isa = XCBuildConfiguration;
			baseConfigurationReference = 1B3FA7EC760C18C9D7DD2D81 /* Pods-PowerTools_Example.debug.xcconfig */;
			buildSettings = {
				ASSETCATALOG_COMPILER_APPICON_NAME = AppIcon;
				DEVELOPMENT_TEAM = 6RS7DS4QV5;
				INFOPLIST_FILE = "$(SRCROOT)/PowerTools/Info.plist";
				IPHONEOS_DEPLOYMENT_TARGET = 9.0;
				LD_RUNPATH_SEARCH_PATHS = "$(inherited) @executable_path/Frameworks";
				MODULE_NAME = ExampleApp;
				PRODUCT_BUNDLE_IDENTIFIER = "org.cocoapods.demo.$(PRODUCT_NAME:rfc1034identifier)";
				PRODUCT_NAME = "$(TARGET_NAME)";
				SWIFT_VERSION = 5.0;
			};
			name = Debug;
		};
		607FACF11AFB9204008FA782 /* Release */ = {
			isa = XCBuildConfiguration;
			baseConfigurationReference = 29DDBFBCB19E3A5E10184ABC /* Pods-PowerTools_Example.release.xcconfig */;
			buildSettings = {
				ASSETCATALOG_COMPILER_APPICON_NAME = AppIcon;
				DEVELOPMENT_TEAM = 6RS7DS4QV5;
				INFOPLIST_FILE = "$(SRCROOT)/PowerTools/Info.plist";
				IPHONEOS_DEPLOYMENT_TARGET = 9.0;
				LD_RUNPATH_SEARCH_PATHS = "$(inherited) @executable_path/Frameworks";
				MODULE_NAME = ExampleApp;
				PRODUCT_BUNDLE_IDENTIFIER = "org.cocoapods.demo.$(PRODUCT_NAME:rfc1034identifier)";
				PRODUCT_NAME = "$(TARGET_NAME)";
				SWIFT_VERSION = 5.0;
			};
			name = Release;
		};
		607FACF31AFB9204008FA782 /* Debug */ = {
			isa = XCBuildConfiguration;
			baseConfigurationReference = 013157AB4959F28B853A65AE /* Pods-PowerTools_Tests.debug.xcconfig */;
			buildSettings = {
				DEVELOPMENT_TEAM = 6RS7DS4QV5;
				FRAMEWORK_SEARCH_PATHS = (
					"$(SDKROOT)/Developer/Library/Frameworks",
					"$(inherited)",
				);
				GCC_PREPROCESSOR_DEFINITIONS = (
					"DEBUG=1",
					"$(inherited)",
				);
				INFOPLIST_FILE = Tests/Info.plist;
				LD_RUNPATH_SEARCH_PATHS = "$(inherited) @executable_path/Frameworks @loader_path/Frameworks";
				PRODUCT_BUNDLE_IDENTIFIER = "org.cocoapods.$(PRODUCT_NAME:rfc1034identifier)";
				PRODUCT_NAME = "$(TARGET_NAME)";
				SWIFT_VERSION = 5.0;
			};
			name = Debug;
		};
		607FACF41AFB9204008FA782 /* Release */ = {
			isa = XCBuildConfiguration;
			baseConfigurationReference = 9A3AA548B0E8558F776AD334 /* Pods-PowerTools_Tests.release.xcconfig */;
			buildSettings = {
				DEVELOPMENT_TEAM = 6RS7DS4QV5;
				FRAMEWORK_SEARCH_PATHS = (
					"$(SDKROOT)/Developer/Library/Frameworks",
					"$(inherited)",
				);
				INFOPLIST_FILE = Tests/Info.plist;
				LD_RUNPATH_SEARCH_PATHS = "$(inherited) @executable_path/Frameworks @loader_path/Frameworks";
				PRODUCT_BUNDLE_IDENTIFIER = "org.cocoapods.$(PRODUCT_NAME:rfc1034identifier)";
				PRODUCT_NAME = "$(TARGET_NAME)";
				SWIFT_VERSION = 5.0;
			};
			name = Release;
		};
/* End XCBuildConfiguration section */

/* Begin XCConfigurationList section */
		607FACCB1AFB9204008FA782 /* Build configuration list for PBXProject "PowerTools" */ = {
			isa = XCConfigurationList;
			buildConfigurations = (
				607FACED1AFB9204008FA782 /* Debug */,
				607FACEE1AFB9204008FA782 /* Release */,
			);
			defaultConfigurationIsVisible = 0;
			defaultConfigurationName = Release;
		};
		607FACEF1AFB9204008FA782 /* Build configuration list for PBXNativeTarget "PowerTools_Example" */ = {
			isa = XCConfigurationList;
			buildConfigurations = (
				607FACF01AFB9204008FA782 /* Debug */,
				607FACF11AFB9204008FA782 /* Release */,
			);
			defaultConfigurationIsVisible = 0;
			defaultConfigurationName = Release;
		};
		607FACF21AFB9204008FA782 /* Build configuration list for PBXNativeTarget "PowerTools_Tests" */ = {
			isa = XCConfigurationList;
			buildConfigurations = (
				607FACF31AFB9204008FA782 /* Debug */,
				607FACF41AFB9204008FA782 /* Release */,
			);
			defaultConfigurationIsVisible = 0;
			defaultConfigurationName = Release;
		};
/* End XCConfigurationList section */
	};
	rootObject = 607FACC81AFB9204008FA782 /* Project object */;
}
